// !$*UTF8*$!
{
	archiveVersion = 1;
	classes = {
	};
	objectVersion = 50;
	objects = {

/* Begin PBXBuildFile section */
		2566DA9F228A3F810067FC37 /* AppDelegate.m in Sources */ = {isa = PBXBuildFile; fileRef = 2566DA9E228A3F810067FC37 /* AppDelegate.m */; };
		2566DAA5228A3F810067FC37 /* Main.storyboard in Resources */ = {isa = PBXBuildFile; fileRef = 2566DAA3228A3F810067FC37 /* Main.storyboard */; };
		2566DAA7228A3F820067FC37 /* Assets.xcassets in Resources */ = {isa = PBXBuildFile; fileRef = 2566DAA6228A3F820067FC37 /* Assets.xcassets */; };
		2566DAAA228A3F820067FC37 /* LaunchScreen.storyboard in Resources */ = {isa = PBXBuildFile; fileRef = 2566DAA8228A3F820067FC37 /* LaunchScreen.storyboard */; };
		2566DAAD228A3F820067FC37 /* main.m in Sources */ = {isa = PBXBuildFile; fileRef = 2566DAAC228A3F820067FC37 /* main.m */; };
		2566DAB7228A3F820067FC37 /* secondProjectTests.m in Sources */ = {isa = PBXBuildFile; fileRef = 2566DAB6228A3F820067FC37 /* secondProjectTests.m */; };
		2566DAC2228A3F820067FC37 /* secondProjectUITests.m in Sources */ = {isa = PBXBuildFile; fileRef = 2566DAC1228A3F820067FC37 /* secondProjectUITests.m */; };
		2566DAD0228A40F50067FC37 /* Images.xcassets in Resources */ = {isa = PBXBuildFile; fileRef = 2566DACF228A40F50067FC37 /* Images.xcassets */; };
		2566DAD6228A42060067FC37 /* DetailViewController.m in Sources */ = {isa = PBXBuildFile; fileRef = 2566DAD5228A42060067FC37 /* DetailViewController.m */; };
		2566DADC228A4E640067FC37 /* firstController.m in Sources */ = {isa = PBXBuildFile; fileRef = 2566DADB228A4E640067FC37 /* firstController.m */; };
/* End PBXBuildFile section */

/* Begin PBXContainerItemProxy section */
		2566DAB3228A3F820067FC37 /* PBXContainerItemProxy */ = {
			isa = PBXContainerItemProxy;
			containerPortal = 2566DA92228A3F810067FC37 /* Project object */;
			proxyType = 1;
			remoteGlobalIDString = 2566DA99228A3F810067FC37;
			remoteInfo = secondProject;
		};
		2566DABE228A3F820067FC37 /* PBXContainerItemProxy */ = {
			isa = PBXContainerItemProxy;
			containerPortal = 2566DA92228A3F810067FC37 /* Project object */;
			proxyType = 1;
			remoteGlobalIDString = 2566DA99228A3F810067FC37;
			remoteInfo = secondProject;
		};
/* End PBXContainerItemProxy section */

/* Begin PBXFileReference section */
		2566DA9A228A3F810067FC37 /* secondProject.app */ = {isa = PBXFileReference; explicitFileType = wrapper.application; includeInIndex = 0; path = secondProject.app; sourceTree = BUILT_PRODUCTS_DIR; };
		2566DA9D228A3F810067FC37 /* AppDelegate.h */ = {isa = PBXFileReference; lastKnownFileType = sourcecode.c.h; path = AppDelegate.h; sourceTree = "<group>"; };
		2566DA9E228A3F810067FC37 /* AppDelegate.m */ = {isa = PBXFileReference; lastKnownFileType = sourcecode.c.objc; path = AppDelegate.m; sourceTree = "<group>"; };
		2566DAA4228A3F810067FC37 /* Base */ = {isa = PBXFileReference; lastKnownFileType = file.storyboard; name = Base; path = Base.lproj/Main.storyboard; sourceTree = "<group>"; };
		2566DAA6228A3F820067FC37 /* Assets.xcassets */ = {isa = PBXFileReference; lastKnownFileType = folder.assetcatalog; path = Assets.xcassets; sourceTree = "<group>"; };
		2566DAA9228A3F820067FC37 /* Base */ = {isa = PBXFileReference; lastKnownFileType = file.storyboard; name = Base; path = Base.lproj/LaunchScreen.storyboard; sourceTree = "<group>"; };
		2566DAAB228A3F820067FC37 /* Info.plist */ = {isa = PBXFileReference; lastKnownFileType = text.plist.xml; path = Info.plist; sourceTree = "<group>"; };
		2566DAAC228A3F820067FC37 /* main.m */ = {isa = PBXFileReference; lastKnownFileType = sourcecode.c.objc; path = main.m; sourceTree = "<group>"; };
		2566DAB2228A3F820067FC37 /* secondProjectTests.xctest */ = {isa = PBXFileReference; explicitFileType = wrapper.cfbundle; includeInIndex = 0; path = secondProjectTests.xctest; sourceTree = BUILT_PRODUCTS_DIR; };
		2566DAB6228A3F820067FC37 /* secondProjectTests.m */ = {isa = PBXFileReference; lastKnownFileType = sourcecode.c.objc; path = secondProjectTests.m; sourceTree = "<group>"; };
		2566DAB8228A3F820067FC37 /* Info.plist */ = {isa = PBXFileReference; lastKnownFileType = text.plist.xml; path = Info.plist; sourceTree = "<group>"; };
		2566DABD228A3F820067FC37 /* secondProjectUITests.xctest */ = {isa = PBXFileReference; explicitFileType = wrapper.cfbundle; includeInIndex = 0; path = secondProjectUITests.xctest; sourceTree = BUILT_PRODUCTS_DIR; };
		2566DAC1228A3F820067FC37 /* secondProjectUITests.m */ = {isa = PBXFileReference; lastKnownFileType = sourcecode.c.objc; path = secondProjectUITests.m; sourceTree = "<group>"; };
		2566DAC3228A3F820067FC37 /* Info.plist */ = {isa = PBXFileReference; lastKnownFileType = text.plist.xml; path = Info.plist; sourceTree = "<group>"; };
		2566DACF228A40F50067FC37 /* Images.xcassets */ = {isa = PBXFileReference; lastKnownFileType = folder.assetcatalog; path = Images.xcassets; sourceTree = "<group>"; };
		2566DAD4228A42060067FC37 /* DetailViewController.h */ = {isa = PBXFileReference; lastKnownFileType = sourcecode.c.h; path = DetailViewController.h; sourceTree = "<group>"; };
		2566DAD5228A42060067FC37 /* DetailViewController.m */ = {isa = PBXFileReference; lastKnownFileType = sourcecode.c.objc; path = DetailViewController.m; sourceTree = "<group>"; };
		2566DADA228A4E630067FC37 /* firstController.h */ = {isa = PBXFileReference; lastKnownFileType = sourcecode.c.h; path = firstController.h; sourceTree = "<group>"; };
		2566DADB228A4E640067FC37 /* firstController.m */ = {isa = PBXFileReference; lastKnownFileType = sourcecode.c.objc; path = firstController.m; sourceTree = "<group>"; };
/* End PBXFileReference section */

/* Begin PBXFrameworksBuildPhase section */
		2566DA97228A3F810067FC37 /* Frameworks */ = {
			isa = PBXFrameworksBuildPhase;
			buildActionMask = 2147483647;
			files = (
			);
			runOnlyForDeploymentPostprocessing = 0;
		};
		2566DAAF228A3F820067FC37 /* Frameworks */ = {
			isa = PBXFrameworksBuildPhase;
			buildActionMask = 2147483647;
			files = (
			);
			runOnlyForDeploymentPostprocessing = 0;
		};
		2566DABA228A3F820067FC37 /* Frameworks */ = {
			isa = PBXFrameworksBuildPhase;
			buildActionMask = 2147483647;
			files = (
			);
			runOnlyForDeploymentPostprocessing = 0;
		};
/* End PBXFrameworksBuildPhase section */

/* Begin PBXGroup section */
		2566DA91228A3F810067FC37 = {
			isa = PBXGroup;
			children = (
				2566DA9C228A3F810067FC37 /* secondProject */,
				2566DAB5228A3F820067FC37 /* secondProjectTests */,
				2566DAC0228A3F820067FC37 /* secondProjectUITests */,
				2566DA9B228A3F810067FC37 /* Products */,
			);
			sourceTree = "<group>";
		};
		2566DA9B228A3F810067FC37 /* Products */ = {
			isa = PBXGroup;
			children = (
				2566DA9A228A3F810067FC37 /* secondProject.app */,
				2566DAB2228A3F820067FC37 /* secondProjectTests.xctest */,
				2566DABD228A3F820067FC37 /* secondProjectUITests.xctest */,
			);
			name = Products;
			sourceTree = "<group>";
		};
		2566DA9C228A3F810067FC37 /* secondProject */ = {
			isa = PBXGroup;
			children = (
				2566DADA228A4E630067FC37 /* firstController.h */,
				2566DADB228A4E640067FC37 /* firstController.m */,
				2566DA9D228A3F810067FC37 /* AppDelegate.h */,
				2566DA9E228A3F810067FC37 /* AppDelegate.m */,
				2566DAD4228A42060067FC37 /* DetailViewController.h */,
				2566DAD5228A42060067FC37 /* DetailViewController.m */,
				2566DAA3228A3F810067FC37 /* Main.storyboard */,
				2566DACF228A40F50067FC37 /* Images.xcassets */,
				2566DAA6228A3F820067FC37 /* Assets.xcassets */,
				2566DAA8228A3F820067FC37 /* LaunchScreen.storyboard */,
				2566DAAB228A3F820067FC37 /* Info.plist */,
				2566DAAC228A3F820067FC37 /* main.m */,
			);
			path = secondProject;
			sourceTree = "<group>";
		};
		2566DAB5228A3F820067FC37 /* secondProjectTests */ = {
			isa = PBXGroup;
			children = (
				2566DAB6228A3F820067FC37 /* secondProjectTests.m */,
				2566DAB8228A3F820067FC37 /* Info.plist */,
			);
			path = secondProjectTests;
			sourceTree = "<group>";
		};
		2566DAC0228A3F820067FC37 /* secondProjectUITests */ = {
			isa = PBXGroup;
			children = (
				2566DAC1228A3F820067FC37 /* secondProjectUITests.m */,
				2566DAC3228A3F820067FC37 /* Info.plist */,
			);
			path = secondProjectUITests;
			sourceTree = "<group>";
		};
/* End PBXGroup section */

/* Begin PBXNativeTarget section */
		2566DA99228A3F810067FC37 /* secondProject */ = {
			isa = PBXNativeTarget;
			buildConfigurationList = 2566DAC6228A3F820067FC37 /* Build configuration list for PBXNativeTarget "secondProject" */;
			buildPhases = (
				2566DA96228A3F810067FC37 /* Sources */,
				2566DA97228A3F810067FC37 /* Frameworks */,
				2566DA98228A3F810067FC37 /* Resources */,
			);
			buildRules = (
			);
			dependencies = (
			);
			name = secondProject;
			productName = secondProject;
			productReference = 2566DA9A228A3F810067FC37 /* secondProject.app */;
			productType = "com.apple.product-type.application";
		};
		2566DAB1228A3F820067FC37 /* secondProjectTests */ = {
			isa = PBXNativeTarget;
			buildConfigurationList = 2566DAC9228A3F820067FC37 /* Build configuration list for PBXNativeTarget "secondProjectTests" */;
			buildPhases = (
				2566DAAE228A3F820067FC37 /* Sources */,
				2566DAAF228A3F820067FC37 /* Frameworks */,
				2566DAB0228A3F820067FC37 /* Resources */,
			);
			buildRules = (
			);
			dependencies = (
				2566DAB4228A3F820067FC37 /* PBXTargetDependency */,
			);
			name = secondProjectTests;
			productName = secondProjectTests;
			productReference = 2566DAB2228A3F820067FC37 /* secondProjectTests.xctest */;
			productType = "com.apple.product-type.bundle.unit-test";
		};
		2566DABC228A3F820067FC37 /* secondProjectUITests */ = {
			isa = PBXNativeTarget;
			buildConfigurationList = 2566DACC228A3F820067FC37 /* Build configuration list for PBXNativeTarget "secondProjectUITests" */;
			buildPhases = (
				2566DAB9228A3F820067FC37 /* Sources */,
				2566DABA228A3F820067FC37 /* Frameworks */,
				2566DABB228A3F820067FC37 /* Resources */,
			);
			buildRules = (
			);
			dependencies = (
				2566DABF228A3F820067FC37 /* PBXTargetDependency */,
			);
			name = secondProjectUITests;
			productName = secondProjectUITests;
			productReference = 2566DABD228A3F820067FC37 /* secondProjectUITests.xctest */;
			productType = "com.apple.product-type.bundle.ui-testing";
		};
/* End PBXNativeTarget section */

/* Begin PBXProject section */
		2566DA92228A3F810067FC37 /* Project object */ = {
			isa = PBXProject;
			attributes = {
				LastUpgradeCheck = 1020;
				ORGANIZATIONNAME = Luiz;
				TargetAttributes = {
					2566DA99228A3F810067FC37 = {
						CreatedOnToolsVersion = 10.2.1;
					};
					2566DAB1228A3F820067FC37 = {
						CreatedOnToolsVersion = 10.2.1;
						TestTargetID = 2566DA99228A3F810067FC37;
					};
					2566DABC228A3F820067FC37 = {
						CreatedOnToolsVersion = 10.2.1;
						TestTargetID = 2566DA99228A3F810067FC37;
					};
				};
			};
			buildConfigurationList = 2566DA95228A3F810067FC37 /* Build configuration list for PBXProject "secondProject" */;
			compatibilityVersion = "Xcode 9.3";
			developmentRegion = en;
			hasScannedForEncodings = 0;
			knownRegions = (
				en,
				Base,
			);
			mainGroup = 2566DA91228A3F810067FC37;
			productRefGroup = 2566DA9B228A3F810067FC37 /* Products */;
			projectDirPath = "";
			projectRoot = "";
			targets = (
				2566DA99228A3F810067FC37 /* secondProject */,
				2566DAB1228A3F820067FC37 /* secondProjectTests */,
				2566DABC228A3F820067FC37 /* secondProjectUITests */,
			);
		};
/* End PBXProject section */

/* Begin PBXResourcesBuildPhase section */
		2566DA98228A3F810067FC37 /* Resources */ = {
			isa = PBXResourcesBuildPhase;
			buildActionMask = 2147483647;
			files = (
				2566DAAA228A3F820067FC37 /* LaunchScreen.storyboard in Resources */,
				2566DAD0228A40F50067FC37 /* Images.xcassets in Resources */,
				2566DAA7228A3F820067FC37 /* Assets.xcassets in Resources */,
				2566DAA5228A3F810067FC37 /* Main.storyboard in Resources */,
			);
			runOnlyForDeploymentPostprocessing = 0;
		};
		2566DAB0228A3F820067FC37 /* Resources */ = {
			isa = PBXResourcesBuildPhase;
			buildActionMask = 2147483647;
			files = (
			);
			runOnlyForDeploymentPostprocessing = 0;
		};
		2566DABB228A3F820067FC37 /* Resources */ = {
			isa = PBXResourcesBuildPhase;
			buildActionMask = 2147483647;
			files = (
			);
			runOnlyForDeploymentPostprocessing = 0;
		};
/* End PBXResourcesBuildPhase section */

/* Begin PBXSourcesBuildPhase section */
		2566DA96228A3F810067FC37 /* Sources */ = {
			isa = PBXSourcesBuildPhase;
			buildActionMask = 2147483647;
			files = (
				2566DADC228A4E640067FC37 /* firstController.m in Sources */,
				2566DAAD228A3F820067FC37 /* main.m in Sources */,
				2566DA9F228A3F810067FC37 /* AppDelegate.m in Sources */,
				2566DAD6228A42060067FC37 /* DetailViewController.m in Sources */,
			);
			runOnlyForDeploymentPostprocessing = 0;
		};
		2566DAAE228A3F820067FC37 /* Sources */ = {
			isa = PBXSourcesBuildPhase;
			buildActionMask = 2147483647;
			files = (
				2566DAB7228A3F820067FC37 /* secondProjectTests.m in Sources */,
			);
			runOnlyForDeploymentPostprocessing = 0;
		};
		2566DAB9228A3F820067FC37 /* Sources */ = {
			isa = PBXSourcesBuildPhase;
			buildActionMask = 2147483647;
			files = (
				2566DAC2228A3F820067FC37 /* secondProjectUITests.m in Sources */,
			);
			runOnlyForDeploymentPostprocessing = 0;
		};
/* End PBXSourcesBuildPhase section */

/* Begin PBXTargetDependency section */
		2566DAB4228A3F820067FC37 /* PBXTargetDependency */ = {
			isa = PBXTargetDependency;
			target = 2566DA99228A3F810067FC37 /* secondProject */;
			targetProxy = 2566DAB3228A3F820067FC37 /* PBXContainerItemProxy */;
		};
		2566DABF228A3F820067FC37 /* PBXTargetDependency */ = {
			isa = PBXTargetDependency;
			target = 2566DA99228A3F810067FC37 /* secondProject */;
			targetProxy = 2566DABE228A3F820067FC37 /* PBXContainerItemProxy */;
		};
/* End PBXTargetDependency section */

/* Begin PBXVariantGroup section */
		2566DAA3228A3F810067FC37 /* Main.storyboard */ = {
			isa = PBXVariantGroup;
			children = (
				2566DAA4228A3F810067FC37 /* Base */,
			);
			name = Main.storyboard;
			sourceTree = "<group>";
		};
		2566DAA8228A3F820067FC37 /* LaunchScreen.storyboard */ = {
			isa = PBXVariantGroup;
			children = (
				2566DAA9228A3F820067FC37 /* Base */,
			);
			name = LaunchScreen.storyboard;
			sourceTree = "<group>";
		};
/* End PBXVariantGroup section */

/* Begin XCBuildConfiguration section */
		2566DAC4228A3F820067FC37 /* Debug */ = {
			isa = XCBuildConfiguration;
			buildSettings = {
				ALWAYS_SEARCH_USER_PATHS = NO;
				CLANG_ANALYZER_NONNULL = YES;
				CLANG_ANALYZER_NUMBER_OBJECT_CONVERSION = YES_AGGRESSIVE;
				CLANG_CXX_LANGUAGE_STANDARD = "gnu++14";
				CLANG_CXX_LIBRARY = "libc++";
				CLANG_ENABLE_MODULES = YES;
				CLANG_ENABLE_OBJC_ARC = YES;
				CLANG_ENABLE_OBJC_WEAK = YES;
				CLANG_WARN_BLOCK_CAPTURE_AUTORELEASING = YES;
				CLANG_WARN_BOOL_CONVERSION = YES;
				CLANG_WARN_COMMA = YES;
				CLANG_WARN_CONSTANT_CONVERSION = YES;
				CLANG_WARN_DEPRECATED_OBJC_IMPLEMENTATIONS = YES;
				CLANG_WARN_DIRECT_OBJC_ISA_USAGE = YES_ERROR;
				CLANG_WARN_DOCUMENTATION_COMMENTS = YES;
				CLANG_WARN_EMPTY_BODY = YES;
				CLANG_WARN_ENUM_CONVERSION = YES;
				CLANG_WARN_INFINITE_RECURSION = YES;
				CLANG_WARN_INT_CONVERSION = YES;
				CLANG_WARN_NON_LITERAL_NULL_CONVERSION = YES;
				CLANG_WARN_OBJC_IMPLICIT_RETAIN_SELF = YES;
				CLANG_WARN_OBJC_LITERAL_CONVERSION = YES;
				CLANG_WARN_OBJC_ROOT_CLASS = YES_ERROR;
				CLANG_WARN_RANGE_LOOP_ANALYSIS = YES;
				CLANG_WARN_STRICT_PROTOTYPES = YES;
				CLANG_WARN_SUSPICIOUS_MOVE = YES;
				CLANG_WARN_UNGUARDED_AVAILABILITY = YES_AGGRESSIVE;
				CLANG_WARN_UNREACHABLE_CODE = YES;
				CLANG_WARN__DUPLICATE_METHOD_MATCH = YES;
				CODE_SIGN_IDENTITY = "iPhone Developer";
				COPY_PHASE_STRIP = NO;
				DEBUG_INFORMATION_FORMAT = dwarf;
				ENABLE_STRICT_OBJC_MSGSEND = YES;
				ENABLE_TESTABILITY = YES;
				GCC_C_LANGUAGE_STANDARD = gnu11;
				GCC_DYNAMIC_NO_PIC = NO;
				GCC_NO_COMMON_BLOCKS = YES;
				GCC_OPTIMIZATION_LEVEL = 0;
				GCC_PREPROCESSOR_DEFINITIONS = (
					"DEBUG=1",
					"$(inherited)",
				);
				GCC_WARN_64_TO_32_BIT_CONVERSION = YES;
				GCC_WARN_ABOUT_RETURN_TYPE = YES_ERROR;
				GCC_WARN_UNDECLARED_SELECTOR = YES;
				GCC_WARN_UNINITIALIZED_AUTOS = YES_AGGRESSIVE;
				GCC_WARN_UNUSED_FUNCTION = YES;
				GCC_WARN_UNUSED_VARIABLE = YES;
				IPHONEOS_DEPLOYMENT_TARGET = 12.2;
				MTL_ENABLE_DEBUG_INFO = INCLUDE_SOURCE;
				MTL_FAST_MATH = YES;
				ONLY_ACTIVE_ARCH = YES;
				SDKROOT = iphoneos;
			};
			name = Debug;
		};
		2566DAC5228A3F820067FC37 /* Release */ = {
			isa = XCBuildConfiguration;
			buildSettings = {
				ALWAYS_SEARCH_USER_PATHS = NO;
				CLANG_ANALYZER_NONNULL = YES;
				CLANG_ANALYZER_NUMBER_OBJECT_CONVERSION = YES_AGGRESSIVE;
				CLANG_CXX_LANGUAGE_STANDARD = "gnu++14";
				CLANG_CXX_LIBRARY = "libc++";
				CLANG_ENABLE_MODULES = YES;
				CLANG_ENABLE_OBJC_ARC = YES;
				CLANG_ENABLE_OBJC_WEAK = YES;
				CLANG_WARN_BLOCK_CAPTURE_AUTORELEASING = YES;
				CLANG_WARN_BOOL_CONVERSION = YES;
				CLANG_WARN_COMMA = YES;
				CLANG_WARN_CONSTANT_CONVERSION = YES;
				CLANG_WARN_DEPRECATED_OBJC_IMPLEMENTATIONS = YES;
				CLANG_WARN_DIRECT_OBJC_ISA_USAGE = YES_ERROR;
				CLANG_WARN_DOCUMENTATION_COMMENTS = YES;
				CLANG_WARN_EMPTY_BODY = YES;
				CLANG_WARN_ENUM_CONVERSION = YES;
				CLANG_WARN_INFINITE_RECURSION = YES;
				CLANG_WARN_INT_CONVERSION = YES;
				CLANG_WARN_NON_LITERAL_NULL_CONVERSION = YES;
				CLANG_WARN_OBJC_IMPLICIT_RETAIN_SELF = YES;
				CLANG_WARN_OBJC_LITERAL_CONVERSION = YES;
				CLANG_WARN_OBJC_ROOT_CLASS = YES_ERROR;
				CLANG_WARN_RANGE_LOOP_ANALYSIS = YES;
				CLANG_WARN_STRICT_PROTOTYPES = YES;
				CLANG_WARN_SUSPICIOUS_MOVE = YES;
				CLANG_WARN_UNGUARDED_AVAILABILITY = YES_AGGRESSIVE;
				CLANG_WARN_UNREACHABLE_CODE = YES;
				CLANG_WARN__DUPLICATE_METHOD_MATCH = YES;
				CODE_SIGN_IDENTITY = "iPhone Developer";
				COPY_PHASE_STRIP = NO;
				DEBUG_INFORMATION_FORMAT = "dwarf-with-dsym";
				ENABLE_NS_ASSERTIONS = NO;
				ENABLE_STRICT_OBJC_MSGSEND = YES;
				GCC_C_LANGUAGE_STANDARD = gnu11;
				GCC_NO_COMMON_BLOCKS = YES;
				GCC_WARN_64_TO_32_BIT_CONVERSION = YES;
				GCC_WARN_ABOUT_RETURN_TYPE = YES_ERROR;
				GCC_WARN_UNDECLARED_SELECTOR = YES;
				GCC_WARN_UNINITIALIZED_AUTOS = YES_AGGRESSIVE;
				GCC_WARN_UNUSED_FUNCTION = YES;
				GCC_WARN_UNUSED_VARIABLE = YES;
				IPHONEOS_DEPLOYMENT_TARGET = 12.2;
				MTL_ENABLE_DEBUG_INFO = NO;
				MTL_FAST_MATH = YES;
				SDKROOT = iphoneos;
				VALIDATE_PRODUCT = YES;
			};
			name = Release;
		};
		2566DAC7228A3F820067FC37 /* Debug */ = {
			isa = XCBuildConfiguration;
			buildSettings = {
				ASSETCATALOG_COMPILER_APPICON_NAME = AppIcon;
				CODE_SIGN_STYLE = Automatic;
				DEVELOPMENT_TEAM = 489ZVWUGPK;
				INFOPLIST_FILE = secondProject/Info.plist;
				LD_RUNPATH_SEARCH_PATHS = (
					"$(inherited)",
					"@executable_path/Frameworks",
				);
				PRODUCT_BUNDLE_IDENTIFIER = code.luizramos.secondProject;
				PRODUCT_NAME = "$(TARGET_NAME)";
				TARGETED_DEVICE_FAMILY = "1,2";
			};
			name = Debug;
		};
		2566DAC8228A3F820067FC37 /* Release */ = {
			isa = XCBuildConfiguration;
			buildSettings = {
				ASSETCATALOG_COMPILER_APPICON_NAME = AppIcon;
				CODE_SIGN_STYLE = Automatic;
				DEVELOPMENT_TEAM = 489ZVWUGPK;
				INFOPLIST_FILE = secondProject/Info.plist;
				LD_RUNPATH_SEARCH_PATHS = (
					"$(inherited)",
					"@executable_path/Frameworks",
				);
				PRODUCT_BUNDLE_IDENTIFIER = code.luizramos.secondProject;
				PRODUCT_NAME = "$(TARGET_NAME)";
				TARGETED_DEVICE_FAMILY = "1,2";
			};
			name = Release;
		};
		2566DACA228A3F820067FC37 /* Debug */ = {
			isa = XCBuildConfiguration;
			buildSettings = {
				BUNDLE_LOADER = "$(TEST_HOST)";
				CODE_SIGN_STYLE = Automatic;
				DEVELOPMENT_TEAM = 489ZVWUGPK;
				INFOPLIST_FILE = secondProjectTests/Info.plist;
				LD_RUNPATH_SEARCH_PATHS = (
					"$(inherited)",
					"@executable_path/Frameworks",
					"@loader_path/Frameworks",
				);
				PRODUCT_BUNDLE_IDENTIFIER = code.luizramos.secondProjectTests;
				PRODUCT_NAME = "$(TARGET_NAME)";
				TARGETED_DEVICE_FAMILY = "1,2";
				TEST_HOST = "$(BUILT_PRODUCTS_DIR)/secondProject.app/secondProject";
			};
			name = Debug;
		};
		2566DACB228A3F820067FC37 /* Release */ = {
			isa = XCBuildConfiguration;
			buildSettings = {
				BUNDLE_LOADER = "$(TEST_HOST)";
				CODE_SIGN_STYLE = Automatic;
				DEVELOPMENT_TEAM = 489ZVWUGPK;
				INFOPLIST_FILE = secondProjectTests/Info.plist;
				LD_RUNPATH_SEARCH_PATHS = (
					"$(inherited)",
					"@executable_path/Frameworks",
					"@loader_path/Frameworks",
				);
				PRODUCT_BUNDLE_IDENTIFIER = code.luizramos.secondProjectTests;
				PRODUCT_NAME = "$(TARGET_NAME)";
				TARGETED_DEVICE_FAMILY = "1,2";
				TEST_HOST = "$(BUILT_PRODUCTS_DIR)/secondProject.app/secondProject";
			};
			name = Release;
		};
		2566DACD228A3F820067FC37 /* Debug */ = {
			isa = XCBuildConfiguration;
			buildSettings = {
				CODE_SIGN_STYLE = Automatic;
				DEVELOPMENT_TEAM = 489ZVWUGPK;
				INFOPLIST_FILE = secondProjectUITests/Info.plist;
				LD_RUNPATH_SEARCH_PATHS = (
					"$(inherited)",
					"@executable_path/Frameworks",
					"@loader_path/Frameworks",
				);
				PRODUCT_BUNDLE_IDENTIFIER = code.luizramos.secondProjectUITests;
				PRODUCT_NAME = "$(TARGET_NAME)";
				TARGETED_DEVICE_FAMILY = "1,2";
				TEST_TARGET_NAME = secondProject;
			};
			name = Debug;
		};
		2566DACE228A3F820067FC37 /* Release */ = {
			isa = XCBuildConfiguration;
			buildSettings = {
				CODE_SIGN_STYLE = Automatic;
				DEVELOPMENT_TEAM = 489ZVWUGPK;
				INFOPLIST_FILE = secondProjectUITests/Info.plist;
				LD_RUNPATH_SEARCH_PATHS = (
					"$(inherited)",
					"@executable_path/Frameworks",
					"@loader_path/Frameworks",
				);
				PRODUCT_BUNDLE_IDENTIFIER = code.luizramos.secondProjectUITests;
				PRODUCT_NAME = "$(TARGET_NAME)";
				TARGETED_DEVICE_FAMILY = "1,2";
				TEST_TARGET_NAME = secondProject;
			};
			name = Release;
		};
/* End XCBuildConfiguration section */

/* Begin XCConfigurationList section */
		2566DA95228A3F810067FC37 /* Build configuration list for PBXProject "secondProject" */ = {
			isa = XCConfigurationList;
			buildConfigurations = (
				2566DAC4228A3F820067FC37 /* Debug */,
				2566DAC5228A3F820067FC37 /* Release */,
			);
			defaultConfigurationIsVisible = 0;
			defaultConfigurationName = Release;
		};
		2566DAC6228A3F820067FC37 /* Build configuration list for PBXNativeTarget "secondProject" */ = {
			isa = XCConfigurationList;
			buildConfigurations = (
				2566DAC7228A3F820067FC37 /* Debug */,
				2566DAC8228A3F820067FC37 /* Release */,
			);
			defaultConfigurationIsVisible = 0;
			defaultConfigurationName = Release;
		};
		2566DAC9228A3F820067FC37 /* Build configuration list for PBXNativeTarget "secondProjectTests" */ = {
			isa = XCConfigurationList;
			buildConfigurations = (
				2566DACA228A3F820067FC37 /* Debug */,
				2566DACB228A3F820067FC37 /* Release */,
			);
			defaultConfigurationIsVisible = 0;
			defaultConfigurationName = Release;
		};
		2566DACC228A3F820067FC37 /* Build configuration list for PBXNativeTarget "secondProjectUITests" */ = {
			isa = XCConfigurationList;
			buildConfigurations = (
				2566DACD228A3F820067FC37 /* Debug */,
				2566DACE228A3F820067FC37 /* Release */,
			);
			defaultConfigurationIsVisible = 0;
			defaultConfigurationName = Release;
		};
/* End XCConfigurationList section */
	};
	rootObject = 2566DA92228A3F810067FC37 /* Project object */;
}
